
Microsoft Visual Studio Solution File, Format Version 12.00
# Visual Studio 15
VisualStudioVersion = 15.0.27004.2005
MinimumVisualStudioVersion = 10.0.40219.1
Project("{FAE04EC0-301F-11D3-BF4B-00C04F79EFBC}") = "PizzaPizzaz", "PizzaPizzaz\PizzaPizzaz.csproj", "{FFDE6305-221D-4B36-844B-AFBCCABBD795}"
EndProject
Project("{FAE04EC0-301F-11D3-BF4B-00C04F79EFBC}") = "PizzaPizzazCalculationsTests", "PizzaPizzazCalculationsTests\PizzaPizzazCalculationsTests.csproj", "{C683C587-ABB5-4F3E-B7DF-EDEC4015CE84}"
EndProject
Global
	GlobalSection(SolutionConfigurationPlatforms) = preSolution
		Debug|Any CPU = Debug|Any CPU
		Release|Any CPU = Release|Any CPU
	EndGlobalSection
	GlobalSection(ProjectConfigurationPlatforms) = postSolution
		{FFDE6305-221D-4B36-844B-AFBCCABBD795}.Debug|Any CPU.ActiveCfg = Debug|Any CPU
		{FFDE6305-221D-4B36-844B-AFBCCABBD795}.Debug|Any CPU.Build.0 = Debug|Any CPU
		{FFDE6305-221D-4B36-844B-AFBCCABBD795}.Release|Any CPU.ActiveCfg = Release|Any CPU
		{FFDE6305-221D-4B36-844B-AFBCCABBD795}.Release|Any CPU.Build.0 = Release|Any CPU
		{C683C587-ABB5-4F3E-B7DF-EDEC4015CE84}.Debug|Any CPU.ActiveCfg = Debug|Any CPU
		{C683C587-ABB5-4F3E-B7DF-EDEC4015CE84}.Debug|Any CPU.Build.0 = Debug|Any CPU
		{C683C587-ABB5-4F3E-B7DF-EDEC4015CE84}.Release|Any CPU.ActiveCfg = Release|Any CPU
		{C683C587-ABB5-4F3E-B7DF-EDEC4015CE84}.Release|Any CPU.Build.0 = Release|Any CPU
	EndGlobalSection
	GlobalSection(SolutionProperties) = preSolution
		HideSolutionNode = FALSE
	EndGlobalSection
	GlobalSection(ExtensibilityGlobals) = postSolution
		SolutionGuid = {77D7FFA4-5052-4290-AE73-CB02C7EDDAE9}
	EndGlobalSection
EndGlobal
